{
  "version": "5",
  "redirects": {
    "https://esm.sh/@socket.io/component-emitter@~3.1.0?target=denonext": "https://esm.sh/@socket.io/component-emitter@3.1.2?target=denonext",
    "https://esm.sh/@types/ws@~8.18.1/index.d.mts": "https://esm.sh/@types/ws@8.18.1/index.d.mts",
    "https://esm.sh/bufferutil@^4.0.1?target=denonext": "https://esm.sh/bufferutil@4.0.9?target=denonext",
    "https://esm.sh/engine.io-client@~6.5.2?target=denonext": "https://esm.sh/engine.io-client@6.5.4?target=denonext",
    "https://esm.sh/engine.io-parser@~5.2.1?target=denonext": "https://esm.sh/engine.io-parser@5.2.3?target=denonext",
    "https://esm.sh/node-gyp-build@^4.3.0?target=denonext": "https://esm.sh/node-gyp-build@4.8.4?target=denonext",
    "https://esm.sh/socket.io-parser@~4.2.4?target=denonext": "https://esm.sh/socket.io-parser@4.2.4?target=denonext",
    "https://esm.sh/utf-8-validate@%3E=5.0.2?target=denonext": "https://esm.sh/utf-8-validate@6.0.5?target=denonext",
    "https://esm.sh/ws@~8.17.1?target=denonext": "https://esm.sh/ws@8.17.1?target=denonext",
    "https://esm.sh/xmlhttprequest-ssl@~2.0.0?target=denonext": "https://esm.sh/xmlhttprequest-ssl@2.0.0?target=denonext"
  },
  "remote": {
    "https://esm.sh/@socket.io/component-emitter@3.1.2/denonext/component-emitter.mjs": "3c6c5f2d64d4933b577a7117df1d8855c51ff01ab3dea8f42af1adcb1a5989e7",
    "https://esm.sh/@socket.io/component-emitter@3.1.2?target=denonext": "f6ff0f94ae3c9850a2c3a925cc2b236ec03a80fc2298d0ca48c2a90b10487db3",
    "https://esm.sh/bufferutil@4.0.9/denonext/bufferutil.mjs": "13dca4d5bb2c68cbe119f880fa3bd785b9a81a8e02e0834dae604b4b85295cd8",
    "https://esm.sh/bufferutil@4.0.9?target=denonext": "e32574569ab438facfcc3f412c659b0719bbf05477136ca176938c9a3ac45125",
    "https://esm.sh/engine.io-client@6.5.4/denonext/engine.io-client.mjs": "8409c6a6756d3c3ed88f22f33cc96ae310104cd029493ecc80e30e65e0bad98d",
    "https://esm.sh/engine.io-client@6.5.4?target=denonext": "2ef172cc4597e13f6d2c0da13ebe3514db427a089ab80cc1156f37c7d6a303bb",
    "https://esm.sh/engine.io-parser@5.2.3/denonext/engine.io-parser.mjs": "dfb40060c00806566e236f3112b950f43fa6b5e3a142f14ba2e83ad651f4a451",
    "https://esm.sh/engine.io-parser@5.2.3?target=denonext": "1dd633858ff4fd2affd2343c0f16f4d0727524919f53f0a5cf240baefd3c91fd",
    "https://esm.sh/node-gyp-build@4.8.4/denonext/node-gyp-build.mjs": "9a86f2d044fc77bd60aaa3d697c2ba1b818da5fb1b9aaeedec59a40b8e908803",
    "https://esm.sh/node-gyp-build@4.8.4?target=denonext": "261a6cedf1fdbf159798141ba1e2311ac1510682c5c8b55dacc8cf5fdee4aa06",
    "https://esm.sh/socket.io-client@4.7.5": "ed5ca7f3f6fc7187c9dd0a8ee4c26267729e02b2a83fb3d4b9917529fb0b3161",
    "https://esm.sh/socket.io-client@4.7.5/denonext/socket.io-client.mjs": "73802f1f87dea3ca77f0163dbce470576f7b138e927a16ee744ee8899758fdd0",
    "https://esm.sh/socket.io-parser@4.2.4/denonext/socket.io-parser.mjs": "a989568a92fa45870a4ae74fb731c5e554ef6c901b97f154d8c84267f7d5aaba",
    "https://esm.sh/socket.io-parser@4.2.4?target=denonext": "95bc48ccd83940940fb68cf3401280667a8bad2b6abc8a4c7bb5c39ec59aff16",
    "https://esm.sh/utf-8-validate@6.0.5/denonext/utf-8-validate.mjs": "66b8ea532a0c745068f5b96ddb1bae332c3036703243541d2e89e66331974d98",
    "https://esm.sh/utf-8-validate@6.0.5?target=denonext": "071bc33ba1a58297e23a34d69dd589fd06df04b0f373b382ff5da544a623f271",
    "https://esm.sh/ws@8.17.1/denonext/ws.mjs": "a6ae8b6fb5c790492d07745e8940d2c0aa057bf892e8d0e20887d3e41331d237",
    "https://esm.sh/ws@8.17.1?target=denonext": "3c5e4dca1be73c0e7776cb033809d16c2421b785cd1b93827b76a43c5b59a0bd",
    "https://esm.sh/xmlhttprequest-ssl@2.0.0/denonext/xmlhttprequest-ssl.mjs": "0542dd2c7b5bfa08499fe48db2eeb2b97f13e556797c3d281fb09954e2e933c4",
    "https://esm.sh/xmlhttprequest-ssl@2.0.0?target=denonext": "f1ca1fbd09d53801364dd164a29085b5ad41c533f22169f60d4b6c44da28e7a0"
  },
  "workspace": {
    "packageJson": {
      "dependencies": [
        "npm:acorn-jsx@^5.3.2",
        "npm:acorn@^8.15.0",
        "npm:ajv@^6.12.6",
        "npm:ansi-styles@^4.3.0",
        "npm:argparse@^2.0.1",
        "npm:aria-hidden@^1.2.6",
        "npm:aria-query@^5.3.2",
        "npm:array-buffer-byte-length@^1.0.2",
        "npm:array-includes@^3.1.9",
        "npm:array.prototype.findlast@^1.2.5",
        "npm:array.prototype.findlastindex@^1.2.6",
        "npm:array.prototype.flat@^1.3.3",
        "npm:array.prototype.flatmap@^1.3.3",
        "npm:array.prototype.tosorted@^1.1.4",
        "npm:arraybuffer.prototype.slice@^1.0.4",
        "npm:ast-types-flow@^0.0.8",
        "npm:async-function@1",
        "npm:available-typed-arrays@^1.0.7",
        "npm:axe-core@^4.10.3",
        "npm:axobject-query@^4.1.0",
        "npm:balanced-match@^1.0.2",
        "npm:brace-expansion@^1.1.12",
        "npm:braces@^3.0.3",
        "npm:busboy@^1.6.0",
        "npm:call-bind-apply-helpers@^1.0.2",
        "npm:call-bind@^1.0.8",
        "npm:call-bound@^1.0.4",
        "npm:callsites@^3.1.0",
        "npm:caniuse-lite@^1.0.30001723",
        "npm:chalk@^4.1.2",
        "npm:chownr@3",
        "npm:class-variance-authority@~0.7.1",
        "npm:client-only@^0.0.1",
        "npm:clsx@^2.1.1",
        "npm:color-convert@^2.0.1",
        "npm:color-name@^1.1.4",
        "npm:color-string@^1.9.1",
        "npm:color@^4.2.3",
        "npm:concat-map@^0.0.1",
        "npm:cross-spawn@^7.0.6",
        "npm:csstype@^3.1.3",
        "npm:damerau-levenshtein@^1.0.8",
        "npm:data-view-buffer@^1.0.2",
        "npm:data-view-byte-length@^1.0.2",
        "npm:data-view-byte-offset@^1.0.1",
        "npm:debug@^4.4.1",
        "npm:deep-is@~0.1.4",
        "npm:define-data-property@^1.1.4",
        "npm:define-properties@^1.2.1",
        "npm:detect-libc@^2.0.4",
        "npm:detect-node-es@^1.1.0",
        "npm:doctrine@^2.1.0",
        "npm:dunder-proto@^1.0.1",
        "npm:emoji-regex@^9.2.2",
        "npm:enhanced-resolve@^5.18.1",
        "npm:es-abstract@^1.24.0",
        "npm:es-define-property@^1.0.1",
        "npm:es-errors@^1.3.0",
        "npm:es-iterator-helpers@^1.2.1",
        "npm:es-object-atoms@^1.1.1",
        "npm:es-set-tostringtag@^2.1.0",
        "npm:es-shim-unscopables@^1.1.0",
        "npm:es-to-primitive@^1.3.0",
        "npm:escape-string-regexp@4",
        "npm:eslint-config-next@^15.3.3",
        "npm:eslint-import-resolver-node@~0.3.9",
        "npm:eslint-import-resolver-typescript@^3.10.1",
        "npm:eslint-module-utils@^2.12.0",
        "npm:eslint-plugin-import@^2.31.0",
        "npm:eslint-plugin-jsx-a11y@^6.10.2",
        "npm:eslint-plugin-react-hooks@^5.2.0",
        "npm:eslint-plugin-react@^7.37.5",
        "npm:eslint-scope@^8.4.0",
        "npm:eslint-visitor-keys@^4.2.1",
        "npm:eslint@^9.28.0",
        "npm:espree@^10.4.0",
        "npm:esquery@^1.6.0",
        "npm:esrecurse@^4.3.0",
        "npm:estraverse@^5.3.0",
        "npm:esutils@^2.0.3",
        "npm:fast-deep-equal@^3.1.3",
        "npm:fast-glob@^3.3.1",
        "npm:fast-json-stable-stringify@^2.1.0",
        "npm:fast-levenshtein@^2.0.6",
        "npm:fastq@^1.19.1",
        "npm:file-entry-cache@8",
        "npm:fill-range@^7.1.1",
        "npm:find-up@5",
        "npm:flat-cache@^4.0.1",
        "npm:flatted@^3.3.3",
        "npm:for-each@~0.3.5",
        "npm:function-bind@^1.1.2",
        "npm:function.prototype.name@^1.1.8",
        "npm:functions-have-names@^1.2.3",
        "npm:get-intrinsic@^1.3.0",
        "npm:get-nonce@^1.0.1",
        "npm:get-proto@^1.0.1",
        "npm:get-symbol-description@^1.1.0",
        "npm:get-tsconfig@^4.10.1",
        "npm:glob-parent@^6.0.2",
        "npm:globals@14",
        "npm:globalthis@^1.0.4",
        "npm:gopd@^1.2.0",
        "npm:graceful-fs@^4.2.11",
        "npm:graphemer@^1.4.0",
        "npm:has-bigints@^1.1.0",
        "npm:has-flag@4",
        "npm:has-property-descriptors@^1.0.2",
        "npm:has-proto@^1.2.0",
        "npm:has-symbols@^1.1.0",
        "npm:has-tostringtag@^1.0.2",
        "npm:hasown@^2.0.2",
        "npm:ignore@^5.3.2",
        "npm:import-fresh@^3.3.1",
        "npm:imurmurhash@~0.1.4",
        "npm:internal-slot@^1.1.0",
        "npm:is-array-buffer@^3.0.5",
        "npm:is-arrayish@~0.3.2",
        "npm:is-async-function@^2.1.1",
        "npm:is-bigint@^1.1.0",
        "npm:is-boolean-object@^1.2.2",
        "npm:is-bun-module@2",
        "npm:is-callable@^1.2.7",
        "npm:is-core-module@^2.16.1",
        "npm:is-data-view@^1.0.2",
        "npm:is-date-object@^1.1.0",
        "npm:is-extglob@^2.1.1",
        "npm:is-finalizationregistry@^1.1.1",
        "npm:is-generator-function@^1.1.0",
        "npm:is-glob@^4.0.3",
        "npm:is-map@^2.0.3",
        "npm:is-negative-zero@^2.0.3",
        "npm:is-number-object@^1.1.1",
        "npm:is-number@7",
        "npm:is-regex@^1.2.1",
        "npm:is-set@^2.0.3",
        "npm:is-shared-array-buffer@^1.0.4",
        "npm:is-string@^1.1.1",
        "npm:is-symbol@^1.1.1",
        "npm:is-typed-array@^1.1.15",
        "npm:is-weakmap@^2.0.2",
        "npm:is-weakref@^1.1.1",
        "npm:is-weakset@^2.0.4",
        "npm:isarray@^2.0.5",
        "npm:isexe@2",
        "npm:iterator.prototype@^1.1.5",
        "npm:jiti@^2.4.2",
        "npm:js-tokens@4",
        "npm:js-yaml@^4.1.0",
        "npm:json-buffer@^3.0.1",
        "npm:json-schema-traverse@~0.4.1",
        "npm:json-stable-stringify-without-jsonify@^1.0.1",
        "npm:json5@^1.0.2",
        "npm:jsx-ast-utils@^3.3.5",
        "npm:keyv@^4.5.4",
        "npm:language-subtag-registry@~0.3.23",
        "npm:language-tags@^1.0.9",
        "npm:levn@~0.4.1",
        "npm:lightningcss-darwin-arm64@^1.30.1",
        "npm:lightningcss@^1.30.1",
        "npm:locate-path@6",
        "npm:lodash.merge@^4.6.2",
        "npm:loose-envify@^1.4.0",
        "npm:lucide-react@0.514",
        "npm:magic-string@~0.30.17",
        "npm:math-intrinsics@^1.1.0",
        "npm:merge2@^1.4.1",
        "npm:micromatch@^4.0.8",
        "npm:minimatch@^3.1.2",
        "npm:minimist@^1.2.8",
        "npm:minipass@^7.1.2",
        "npm:minizlib@^3.0.2",
        "npm:mkdirp@^3.0.1",
        "npm:ms@^2.1.3",
        "npm:nanoid@^3.3.11",
        "npm:napi-postinstall@~0.2.4",
        "npm:natural-compare@^1.4.0",
        "npm:next@^15.3.3",
        "npm:object-assign@^4.1.1",
        "npm:object-inspect@^1.13.4",
        "npm:object-keys@^1.1.1",
        "npm:object.assign@^4.1.7",
        "npm:object.entries@^1.1.9",
        "npm:object.fromentries@^2.0.8",
        "npm:object.groupby@^1.0.3",
        "npm:object.values@^1.2.1",
        "npm:optionator@~0.9.4",
        "npm:own-keys@^1.0.1",
        "npm:p-limit@^3.1.0",
        "npm:p-locate@5",
        "npm:parent-module@^1.0.1",
        "npm:path-exists@4",
        "npm:path-key@^3.1.1",
        "npm:path-parse@^1.0.7",
        "npm:picocolors@^1.1.1",
        "npm:picomatch@^2.3.1",
        "npm:possible-typed-array-names@^1.1.0",
        "npm:postcss@^8.5.5",
        "npm:prelude-ls@^1.2.1",
        "npm:prop-types@^15.8.1",
        "npm:punycode@^2.3.1",
        "npm:queue-microtask@^1.2.3",
        "npm:react-dom@^19.1.0",
        "npm:react-is@^16.13.1",
        "npm:react-remove-scroll-bar@^2.3.8",
        "npm:react-remove-scroll@^2.7.1",
        "npm:react-style-singleton@^2.2.3",
        "npm:react@^19.1.0",
        "npm:reflect.getprototypeof@^1.0.10",
        "npm:regexp.prototype.flags@^1.5.4",
        "npm:resolve-from@4",
        "npm:resolve-pkg-maps@1",
        "npm:resolve@^1.22.10",
        "npm:reusify@^1.1.0",
        "npm:run-parallel@^1.2.0",
        "npm:safe-array-concat@^1.1.3",
        "npm:safe-push-apply@1",
        "npm:safe-regex-test@^1.1.0",
        "npm:scheduler@0.26",
        "npm:semver@^7.7.2",
        "npm:set-function-length@^1.2.2",
        "npm:set-function-name@^2.0.2",
        "npm:set-proto@1",
        "npm:sharp@~0.34.2",
        "npm:shebang-command@2",
        "npm:shebang-regex@3",
        "npm:side-channel-list@1",
        "npm:side-channel-map@^1.0.1",
        "npm:side-channel-weakmap@^1.0.2",
        "npm:side-channel@^1.1.0",
        "npm:simple-swizzle@~0.2.2",
        "npm:source-map-js@^1.2.1",
        "npm:stable-hash@^0.0.5",
        "npm:stop-iteration-iterator@^1.1.0",
        "npm:streamsearch@^1.1.0",
        "npm:string.prototype.includes@^2.0.1",
        "npm:string.prototype.matchall@^4.0.12",
        "npm:string.prototype.repeat@1",
        "npm:string.prototype.trim@^1.2.10",
        "npm:string.prototype.trimend@^1.0.9",
        "npm:string.prototype.trimstart@^1.0.8",
        "npm:strip-bom@3",
        "npm:strip-json-comments@^3.1.1",
        "npm:styled-jsx@^5.1.6",
        "npm:supports-color@^7.2.0",
        "npm:supports-preserve-symlinks-flag@1",
        "npm:tailwind-merge@^3.3.1",
        "npm:tailwindcss@^4.1.10",
        "npm:tapable@^2.2.2",
        "npm:tar@^7.4.3",
        "npm:tinyglobby@~0.2.14",
        "npm:to-regex-range@^5.0.1",
        "npm:ts-api-utils@^2.1.0",
        "npm:tsconfig-paths@^3.15.0",
        "npm:tslib@^2.8.1",
        "npm:tw-animate-css@^1.3.4",
        "npm:type-check@0.4",
        "npm:typed-array-buffer@^1.0.3",
        "npm:typed-array-byte-length@^1.0.3",
        "npm:typed-array-byte-offset@^1.0.4",
        "npm:typed-array-length@^1.0.7",
        "npm:typescript@^5.8.3",
        "npm:unbox-primitive@^1.1.0",
        "npm:undici-types@^6.21.0",
        "npm:unrs-resolver@^1.9.0",
        "npm:uri-js@^4.4.1",
        "npm:use-callback-ref@^1.3.3",
        "npm:use-sidecar@^1.1.3",
        "npm:use-sync-external-store@^1.5.0",
        "npm:which-boxed-primitive@^1.1.1",
        "npm:which-builtin-type@^1.2.1",
        "npm:which-collection@^1.0.2",
        "npm:which-typed-array@^1.1.19",
        "npm:which@^2.0.2",
        "npm:word-wrap@^1.2.5",
        "npm:yallist@5",
        "npm:yocto-queue@0.1"
      ]
    }
  }
}
